
Microsoft Visual Studio Solution File, Format Version 12.00
# Visual Studio 15
Project("{FAE04EC0-301F-11D3-BF4B-00C04F79EFBC}") = "Assembly-CSharp", "Assembly-CSharp.csproj", "{6207FD55-A60C-B6C2-99D2-F5BA9366BCC1}"
EndProject
Project("{FAE04EC0-301F-11D3-BF4B-00C04F79EFBC}") = "UniRx", "UniRx.csproj", "{19659F7A-2B10-59C9-5D8C-7FB6E7911BD3}"
EndProject
Project("{FAE04EC0-301F-11D3-BF4B-00C04F79EFBC}") = "UniRx.Examples", "UniRx.Examples.csproj", "{48924A87-15E5-55D7-1366-F7E91EC76B6D}"
EndProject
Project("{FAE04EC0-301F-11D3-BF4B-00C04F79EFBC}") = "DOTween.Modules", "DOTween.Modules.csproj", "{D4889CFC-DF47-B7D3-A4EE-6CDC997D3E20}"
EndProject
Global
	GlobalSection(SolutionConfigurationPlatforms) = preSolution
		Debug|Any CPU = Debug|Any CPU
		Release|Any CPU = Release|Any CPU
	EndGlobalSection
	GlobalSection(ProjectConfigurationPlatforms) = postSolution
		{6207FD55-A60C-B6C2-99D2-F5BA9366BCC1}.Debug|Any CPU.ActiveCfg = Debug|Any CPU
		{6207FD55-A60C-B6C2-99D2-F5BA9366BCC1}.Debug|Any CPU.Build.0 = Debug|Any CPU
		{6207FD55-A60C-B6C2-99D2-F5BA9366BCC1}.Release|Any CPU.ActiveCfg = Release|Any CPU
		{6207FD55-A60C-B6C2-99D2-F5BA9366BCC1}.Release|Any CPU.Build.0 = Release|Any CPU
		{19659F7A-2B10-59C9-5D8C-7FB6E7911BD3}.Debug|Any CPU.ActiveCfg = Debug|Any CPU
		{19659F7A-2B10-59C9-5D8C-7FB6E7911BD3}.Debug|Any CPU.Build.0 = Debug|Any CPU
		{19659F7A-2B10-59C9-5D8C-7FB6E7911BD3}.Release|Any CPU.ActiveCfg = Release|Any CPU
		{19659F7A-2B10-59C9-5D8C-7FB6E7911BD3}.Release|Any CPU.Build.0 = Release|Any CPU
		{48924A87-15E5-55D7-1366-F7E91EC76B6D}.Debug|Any CPU.ActiveCfg = Debug|Any CPU
		{48924A87-15E5-55D7-1366-F7E91EC76B6D}.Debug|Any CPU.Build.0 = Debug|Any CPU
		{48924A87-15E5-55D7-1366-F7E91EC76B6D}.Release|Any CPU.ActiveCfg = Release|Any CPU
		{48924A87-15E5-55D7-1366-F7E91EC76B6D}.Release|Any CPU.Build.0 = Release|Any CPU
		{D4889CFC-DF47-B7D3-A4EE-6CDC997D3E20}.Debug|Any CPU.ActiveCfg = Debug|Any CPU
		{D4889CFC-DF47-B7D3-A4EE-6CDC997D3E20}.Debug|Any CPU.Build.0 = Debug|Any CPU
		{D4889CFC-DF47-B7D3-A4EE-6CDC997D3E20}.Release|Any CPU.ActiveCfg = Release|Any CPU
		{D4889CFC-DF47-B7D3-A4EE-6CDC997D3E20}.Release|Any CPU.Build.0 = Release|Any CPU
	EndGlobalSection
	GlobalSection(SolutionProperties) = preSolution
		HideSolutionNode = FALSE
	EndGlobalSection
EndGlobal
